// !$*UTF8*$!
{
	archiveVersion = 1;
	classes = {
	};
	objectVersion = 46;
	objects = {

/* Begin PBXBuildFile section */
		51FBFC2F1DAC09B800ABB5D1 /* AppDelegate.swift in Sources */ = {isa = PBXBuildFile; fileRef = 51FBFC2E1DAC09B800ABB5D1 /* AppDelegate.swift */; };
		51FBFC311DAC09B800ABB5D1 /* ViewController.swift in Sources */ = {isa = PBXBuildFile; fileRef = 51FBFC301DAC09B800ABB5D1 /* ViewController.swift */; };
		51FBFC341DAC09B800ABB5D1 /* Main.storyboard in Resources */ = {isa = PBXBuildFile; fileRef = 51FBFC321DAC09B800ABB5D1 /* Main.storyboard */; };
		51FBFC361DAC09B800ABB5D1 /* Assets.xcassets in Resources */ = {isa = PBXBuildFile; fileRef = 51FBFC351DAC09B800ABB5D1 /* Assets.xcassets */; };
		51FBFC391DAC09B800ABB5D1 /* LaunchScreen.storyboard in Resources */ = {isa = PBXBuildFile; fileRef = 51FBFC371DAC09B800ABB5D1 /* LaunchScreen.storyboard */; };
		51FBFC411DAC1A4F00ABB5D1 /* Person.swift in Sources */ = {isa = PBXBuildFile; fileRef = 51FBFC401DAC1A4E00ABB5D1 /* Person.swift */; };
		51FBFC431DAC1AB300ABB5D1 /* GreetingViewModelProtocol.swift in Sources */ = {isa = PBXBuildFile; fileRef = 51FBFC421DAC1AB300ABB5D1 /* GreetingViewModelProtocol.swift */; };
		51FBFC451DAC21C500ABB5D1 /* GreetingViewModel.swift in Sources */ = {isa = PBXBuildFile; fileRef = 51FBFC441DAC21C500ABB5D1 /* GreetingViewModel.swift */; };
/* End PBXBuildFile section */

/* Begin PBXFileReference section */
		51FBFC2B1DAC09B800ABB5D1 /* Architecture-Patterns-MVVM.app */ = {isa = PBXFileReference; explicitFileType = wrapper.application; includeInIndex = 0; path = "Architecture-Patterns-MVVM.app"; sourceTree = BUILT_PRODUCTS_DIR; };
		51FBFC2E1DAC09B800ABB5D1 /* AppDelegate.swift */ = {isa = PBXFileReference; lastKnownFileType = sourcecode.swift; path = AppDelegate.swift; sourceTree = "<group>"; };
		51FBFC301DAC09B800ABB5D1 /* ViewController.swift */ = {isa = PBXFileReference; lastKnownFileType = sourcecode.swift; path = ViewController.swift; sourceTree = "<group>"; };
		51FBFC331DAC09B800ABB5D1 /* Base */ = {isa = PBXFileReference; lastKnownFileType = file.storyboard; name = Base; path = Base.lproj/Main.storyboard; sourceTree = "<group>"; };
		51FBFC351DAC09B800ABB5D1 /* Assets.xcassets */ = {isa = PBXFileReference; lastKnownFileType = folder.assetcatalog; path = Assets.xcassets; sourceTree = "<group>"; };
		51FBFC381DAC09B800ABB5D1 /* Base */ = {isa = PBXFileReference; lastKnownFileType = file.storyboard; name = Base; path = Base.lproj/LaunchScreen.storyboard; sourceTree = "<group>"; };
		51FBFC3A1DAC09B800ABB5D1 /* Info.plist */ = {isa = PBXFileReference; lastKnownFileType = text.plist.xml; path = Info.plist; sourceTree = "<group>"; };
		51FBFC401DAC1A4E00ABB5D1 /* Person.swift */ = {isa = PBXFileReference; fileEncoding = 4; lastKnownFileType = sourcecode.swift; path = Person.swift; sourceTree = "<group>"; };
		51FBFC421DAC1AB300ABB5D1 /* GreetingViewModelProtocol.swift */ = {isa = PBXFileReference; fileEncoding = 4; lastKnownFileType = sourcecode.swift; path = GreetingViewModelProtocol.swift; sourceTree = "<group>"; };
		51FBFC441DAC21C500ABB5D1 /* GreetingViewModel.swift */ = {isa = PBXFileReference; fileEncoding = 4; lastKnownFileType = sourcecode.swift; path = GreetingViewModel.swift; sourceTree = "<group>"; };
/* End PBXFileReference section */

/* Begin PBXFrameworksBuildPhase section */
		51FBFC281DAC09B800ABB5D1 /* Frameworks */ = {
			isa = PBXFrameworksBuildPhase;
			buildActionMask = 2147483647;
			files = (
			);
			runOnlyForDeploymentPostprocessing = 0;
		};
/* End PBXFrameworksBuildPhase section */

/* Begin PBXGroup section */
		51FBFC221DAC09B800ABB5D1 = {
			isa = PBXGroup;
			children = (
				51FBFC2D1DAC09B800ABB5D1 /* Architecture-Patterns-MVVM */,
				51FBFC2C1DAC09B800ABB5D1 /* Products */,
			);
			sourceTree = "<group>";
		};
		51FBFC2C1DAC09B800ABB5D1 /* Products */ = {
			isa = PBXGroup;
			children = (
				51FBFC2B1DAC09B800ABB5D1 /* Architecture-Patterns-MVVM.app */,
			);
			name = Products;
			sourceTree = "<group>";
		};
		51FBFC2D1DAC09B800ABB5D1 /* Architecture-Patterns-MVVM */ = {
			isa = PBXGroup;
			children = (
				51FBFC2E1DAC09B800ABB5D1 /* AppDelegate.swift */,
				51FBFC301DAC09B800ABB5D1 /* ViewController.swift */,
				51FBFC401DAC1A4E00ABB5D1 /* Person.swift */,
				51FBFC421DAC1AB300ABB5D1 /* GreetingViewModelProtocol.swift */,
				51FBFC441DAC21C500ABB5D1 /* GreetingViewModel.swift */,
				51FBFC321DAC09B800ABB5D1 /* Main.storyboard */,
				51FBFC351DAC09B800ABB5D1 /* Assets.xcassets */,
				51FBFC371DAC09B800ABB5D1 /* LaunchScreen.storyboard */,
				51FBFC3A1DAC09B800ABB5D1 /* Info.plist */,
			);
			path = "Architecture-Patterns-MVVM";
			sourceTree = "<group>";
		};
/* End PBXGroup section */

/* Begin PBXNativeTarget section */
		51FBFC2A1DAC09B800ABB5D1 /* Architecture-Patterns-MVVM */ = {
			isa = PBXNativeTarget;
			buildConfigurationList = 51FBFC3D1DAC09B800ABB5D1 /* Build configuration list for PBXNativeTarget "Architecture-Patterns-MVVM" */;
			buildPhases = (
				51FBFC271DAC09B800ABB5D1 /* Sources */,
				51FBFC281DAC09B800ABB5D1 /* Frameworks */,
				51FBFC291DAC09B800ABB5D1 /* Resources */,
			);
			buildRules = (
			);
			dependencies = (
			);
			name = "Architecture-Patterns-MVVM";
			productName = "Architecture-Patterns-MVVM";
			productReference = 51FBFC2B1DAC09B800ABB5D1 /* Architecture-Patterns-MVVM.app */;
			productType = "com.apple.product-type.application";
		};
/* End PBXNativeTarget section */

/* Begin PBXProject section */
		51FBFC231DAC09B800ABB5D1 /* Project object */ = {
			isa = PBXProject;
			attributes = {
				LastSwiftUpdateCheck = 0800;
				LastUpgradeCheck = 0800;
				ORGANIZATIONNAME = "Bruno Faganello Neto";
				TargetAttributes = {
					51FBFC2A1DAC09B800ABB5D1 = {
						CreatedOnToolsVersion = 8.0;
						DevelopmentTeam = HLXHJ99SHK;
						ProvisioningStyle = Automatic;
					};
				};
			};
			buildConfigurationList = 51FBFC261DAC09B800ABB5D1 /* Build configuration list for PBXProject "Architecture-Patterns-MVVM" */;
			compatibilityVersion = "Xcode 3.2";
			developmentRegion = English;
			hasScannedForEncodings = 0;
			knownRegions = (
				en,
				Base,
			);
			mainGroup = 51FBFC221DAC09B800ABB5D1;
			productRefGroup = 51FBFC2C1DAC09B800ABB5D1 /* Products */;
			projectDirPath = "";
			projectRoot = "";
			targets = (
				51FBFC2A1DAC09B800ABB5D1 /* Architecture-Patterns-MVVM */,
			);
		};
/* End PBXProject section */

/* Begin PBXResourcesBuildPhase section */
		51FBFC291DAC09B800ABB5D1 /* Resources */ = {
			isa = PBXResourcesBuildPhase;
			buildActionMask = 2147483647;
			files = (
				51FBFC391DAC09B800ABB5D1 /* LaunchScreen.storyboard in Resources */,
				51FBFC361DAC09B800ABB5D1 /* Assets.xcassets in Resources */,
				51FBFC341DAC09B800ABB5D1 /* Main.storyboard in Resources */,
			);
			runOnlyForDeploymentPostprocessing = 0;
		};
/* End PBXResourcesBuildPhase section */

/* Begin PBXSourcesBuildPhase section */
		51FBFC271DAC09B800ABB5D1 /* Sources */ = {
			isa = PBXSourcesBuildPhase;
			buildActionMask = 2147483647;
			files = (
				51FBFC411DAC1A4F00ABB5D1 /* Person.swift in Sources */,
				51FBFC431DAC1AB300ABB5D1 /* GreetingViewModelProtocol.swift in Sources */,
				51FBFC451DAC21C500ABB5D1 /* GreetingViewModel.swift in Sources */,
				51FBFC311DAC09B800ABB5D1 /* ViewController.swift in Sources */,
				51FBFC2F1DAC09B800ABB5D1 /* AppDelegate.swift in Sources */,
			);
			runOnlyForDeploymentPostprocessing = 0;
		};
/* End PBXSourcesBuildPhase section */

/* Begin PBXVariantGroup section */
		51FBFC321DAC09B800ABB5D1 /* Main.storyboard */ = {
			isa = PBXVariantGroup;
			children = (
				51FBFC331DAC09B800ABB5D1 /* Base */,
			);
			name = Main.storyboard;
			sourceTree = "<group>";
		};
		51FBFC371DAC09B800ABB5D1 /* LaunchScreen.storyboard */ = {
			isa = PBXVariantGroup;
			children = (
				51FBFC381DAC09B800ABB5D1 /* Base */,
			);
			name = LaunchScreen.storyboard;
			sourceTree = "<group>";
		};
/* End PBXVariantGroup section */

/* Begin XCBuildConfiguration section */
		51FBFC3B1DAC09B800ABB5D1 /* Debug */ = {
			isa = XCBuildConfiguration;
			buildSettings = {
				ALWAYS_SEARCH_USER_PATHS = NO;
				CLANG_ANALYZER_NONNULL = YES;
				CLANG_CXX_LANGUAGE_STANDARD = "gnu++0x";
				CLANG_CXX_LIBRARY = "libc++";
				CLANG_ENABLE_MODULES = YES;
				CLANG_ENABLE_OBJC_ARC = YES;
				CLANG_WARN_BOOL_CONVERSION = YES;
				CLANG_WARN_CONSTANT_CONVERSION = YES;
				CLANG_WARN_DIRECT_OBJC_ISA_USAGE = YES_ERROR;
				CLANG_WARN_DOCUMENTATION_COMMENTS = YES;
				CLANG_WARN_EMPTY_BODY = YES;
				CLANG_WARN_ENUM_CONVERSION = YES;
				CLANG_WARN_INFINITE_RECURSION = YES;
				CLANG_WARN_INT_CONVERSION = YES;
				CLANG_WARN_OBJC_ROOT_CLASS = YES_ERROR;
				CLANG_WARN_SUSPICIOUS_MOVES = YES;
				CLANG_WARN_UNREACHABLE_CODE = YES;
				CLANG_WARN__DUPLICATE_METHOD_MATCH = YES;
				"CODE_SIGN_IDENTITY[sdk=iphoneos*]" = "iPhone Developer";
				COPY_PHASE_STRIP = NO;
				DEBUG_INFORMATION_FORMAT = dwarf;
				ENABLE_STRICT_OBJC_MSGSEND = YES;
				ENABLE_TESTABILITY = YES;
				GCC_C_LANGUAGE_STANDARD = gnu99;
				GCC_DYNAMIC_NO_PIC = NO;
				GCC_NO_COMMON_BLOCKS = YES;
				GCC_OPTIMIZATION_LEVEL = 0;
				GCC_PREPROCESSOR_DEFINITIONS = (
					"DEBUG=1",
					"$(inherited)",
				);
				GCC_WARN_64_TO_32_BIT_CONVERSION = YES;
				GCC_WARN_ABOUT_RETURN_TYPE = YES_ERROR;
				GCC_WARN_UNDECLARED_SELECTOR = YES;
				GCC_WARN_UNINITIALIZED_AUTOS = YES_AGGRESSIVE;
				GCC_WARN_UNUSED_FUNCTION = YES;
				GCC_WARN_UNUSED_VARIABLE = YES;
				IPHONEOS_DEPLOYMENT_TARGET = 10.0;
				MTL_ENABLE_DEBUG_INFO = YES;
				ONLY_ACTIVE_ARCH = YES;
				SDKROOT = iphoneos;
				SWIFT_ACTIVE_COMPILATION_CONDITIONS = DEBUG;
				SWIFT_OPTIMIZATION_LEVEL = "-Onone";
			};
			name = Debug;
		};
		51FBFC3C1DAC09B800ABB5D1 /* Release */ = {
			isa = XCBuildConfiguration;
			buildSettings = {
				ALWAYS_SEARCH_USER_PATHS = NO;
				CLANG_ANALYZER_NONNULL = YES;
				CLANG_CXX_LANGUAGE_STANDARD = "gnu++0x";
				CLANG_CXX_LIBRARY = "libc++";
				CLANG_ENABLE_MODULES = YES;
				CLANG_ENABLE_OBJC_ARC = YES;
				CLANG_WARN_BOOL_CONVERSION = YES;
				CLANG_WARN_CONSTANT_CONVERSION = YES;
				CLANG_WARN_DIRECT_OBJC_ISA_USAGE = YES_ERROR;
				CLANG_WARN_DOCUMENTATION_COMMENTS = YES;
				CLANG_WARN_EMPTY_BODY = YES;
				CLANG_WARN_ENUM_CONVERSION = YES;
				CLANG_WARN_INFINITE_RECURSION = YES;
				CLANG_WARN_INT_CONVERSION = YES;
				CLANG_WARN_OBJC_ROOT_CLASS = YES_ERROR;
				CLANG_WARN_SUSPICIOUS_MOVES = YES;
				CLANG_WARN_UNREACHABLE_CODE = YES;
				CLANG_WARN__DUPLICATE_METHOD_MATCH = YES;
				"CODE_SIGN_IDENTITY[sdk=iphoneos*]" = "iPhone Developer";
				COPY_PHASE_STRIP = NO;
				DEBUG_INFORMATION_FORMAT = "dwarf-with-dsym";
				ENABLE_NS_ASSERTIONS = NO;
				ENABLE_STRICT_OBJC_MSGSEND = YES;
				GCC_C_LANGUAGE_STANDARD = gnu99;
				GCC_NO_COMMON_BLOCKS = YES;
				GCC_WARN_64_TO_32_BIT_CONVERSION = YES;
				GCC_WARN_ABOUT_RETURN_TYPE = YES_ERROR;
				GCC_WARN_UNDECLARED_SELECTOR = YES;
				GCC_WARN_UNINITIALIZED_AUTOS = YES_AGGRESSIVE;
				GCC_WARN_UNUSED_FUNCTION = YES;
				GCC_WARN_UNUSED_VARIABLE = YES;
				IPHONEOS_DEPLOYMENT_TARGET = 10.0;
				MTL_ENABLE_DEBUG_INFO = NO;
				SDKROOT = iphoneos;
				SWIFT_OPTIMIZATION_LEVEL = "-Owholemodule";
				VALIDATE_PRODUCT = YES;
			};
			name = Release;
		};
		51FBFC3E1DAC09B800ABB5D1 /* Debug */ = {
			isa = XCBuildConfiguration;
			buildSettings = {
				ASSETCATALOG_COMPILER_APPICON_NAME = AppIcon;
				DEVELOPMENT_TEAM = HLXHJ99SHK;
				INFOPLIST_FILE = "Architecture-Patterns-MVVM/Info.plist";
				LD_RUNPATH_SEARCH_PATHS = "$(inherited) @executable_path/Frameworks";
				PRODUCT_BUNDLE_IDENTIFIER = "Faga.Architecture-Patterns-MVVM";
				PRODUCT_NAME = "$(TARGET_NAME)";
				SWIFT_VERSION = 3.0;
			};
			name = Debug;
		};
		51FBFC3F1DAC09B800ABB5D1 /* Release */ = {
			isa = XCBuildConfiguration;
			buildSettings = {
				ASSETCATALOG_COMPILER_APPICON_NAME = AppIcon;
				DEVELOPMENT_TEAM = HLXHJ99SHK;
				INFOPLIST_FILE = "Architecture-Patterns-MVVM/Info.plist";
				LD_RUNPATH_SEARCH_PATHS = "$(inherited) @executable_path/Frameworks";
				PRODUCT_BUNDLE_IDENTIFIER = "Faga.Architecture-Patterns-MVVM";
				PRODUCT_NAME = "$(TARGET_NAME)";
				SWIFT_VERSION = 3.0;
			};
			name = Release;
		};
/* End XCBuildConfiguration section */

/* Begin XCConfigurationList section */
		51FBFC261DAC09B800ABB5D1 /* Build configuration list for PBXProject "Architecture-Patterns-MVVM" */ = {
			isa = XCConfigurationList;
			buildConfigurations = (
				51FBFC3B1DAC09B800ABB5D1 /* Debug */,
				51FBFC3C1DAC09B800ABB5D1 /* Release */,
			);
			defaultConfigurationIsVisible = 0;
			defaultConfigurationName = Release;
		};
		51FBFC3D1DAC09B800ABB5D1 /* Build configuration list for PBXNativeTarget "Architecture-Patterns-MVVM" */ = {
			isa = XCConfigurationList;
			buildConfigurations = (
				51FBFC3E1DAC09B800ABB5D1 /* Debug */,
				51FBFC3F1DAC09B800ABB5D1 /* Release */,
			);
			defaultConfigurationIsVisible = 0;
			defaultConfigurationName = Release;
		};
/* End XCConfigurationList section */
	};
	rootObject = 51FBFC231DAC09B800ABB5D1 /* Project object */;
}
